
Microsoft Visual Studio Solution File, Format Version 12.00
# Visual Studio Version 17
VisualStudioVersion = 17.5.33424.131
MinimumVisualStudioVersion = 10.0.40219.1
Project("{8BC9CEB8-8B4A-11D0-8D11-00A0C91BC942}") = "StarFall", "StarFall\StarFall.vcxproj", "{6550393D-4185-4538-BD0B-A96A7431FAFE}"
EndProject
Global
	GlobalSection(SolutionConfigurationPlatforms) = preSolution
		Debug|x64 = Debug|x64
		Debug|x86 = Debug|x86
		Release|x64 = Release|x64
		Release|x86 = Release|x86
	EndGlobalSection
	GlobalSection(ProjectConfigurationPlatforms) = postSolution
		{6550393D-4185-4538-BD0B-A96A7431FAFE}.Debug|x64.ActiveCfg = Debug|x64
		{6550393D-4185-4538-BD0B-A96A7431FAFE}.Debug|x64.Build.0 = Debug|x64
		{6550393D-4185-4538-BD0B-A96A7431FAFE}.Debug|x86.ActiveCfg = Debug|Win32
		{6550393D-4185-4538-BD0B-A96A7431FAFE}.Debug|x86.Build.0 = Debug|Win32
		{6550393D-4185-4538-BD0B-A96A7431FAFE}.Release|x64.ActiveCfg = Release|x64
		{6550393D-4185-4538-BD0B-A96A7431FAFE}.Release|x64.Build.0 = Release|x64
		{6550393D-4185-4538-BD0B-A96A7431FAFE}.Release|x86.ActiveCfg = Release|Win32
		{6550393D-4185-4538-BD0B-A96A7431FAFE}.Release|x86.Build.0 = Release|Win32
	EndGlobalSection
	GlobalSection(SolutionProperties) = preSolution
		HideSolutionNode = FALSE
	EndGlobalSection
	GlobalSection(ExtensibilityGlobals) = postSolution
		SolutionGuid = {8E0E02A4-0971-4FD6-ADED-8CDF4E85951B}
	EndGlobalSection
EndGlobal
